
Microsoft Visual Studio Solution File, Format Version 12.00
# Visual Studio Version 17
VisualStudioVersion = 17.6.33829.357
MinimumVisualStudioVersion = 10.0.40219.1
Project("{FAE04EC0-301F-11D3-BF4B-00C04F79EFBC}") = "SuperHero", "SuperHero\SuperHero.csproj", "{683104FD-70A6-4372-9F14-059B5E689B2F}"
EndProject
Global
	GlobalSection(SolutionConfigurationPlatforms) = preSolution
		Debug|Any CPU = Debug|Any CPU
		Release|Any CPU = Release|Any CPU
	EndGlobalSection
	GlobalSection(ProjectConfigurationPlatforms) = postSolution
		{683104FD-70A6-4372-9F14-059B5E689B2F}.Debug|Any CPU.ActiveCfg = Debug|Any CPU
		{683104FD-70A6-4372-9F14-059B5E689B2F}.Debug|Any CPU.Build.0 = Debug|Any CPU
		{683104FD-70A6-4372-9F14-059B5E689B2F}.Release|Any CPU.ActiveCfg = Release|Any CPU
		{683104FD-70A6-4372-9F14-059B5E689B2F}.Release|Any CPU.Build.0 = Release|Any CPU
	EndGlobalSection
	GlobalSection(SolutionProperties) = preSolution
		HideSolutionNode = FALSE
	EndGlobalSection
	GlobalSection(ExtensibilityGlobals) = postSolution
		SolutionGuid = {CCE7D443-B6E2-4E2E-877A-37F6F916BD99}
	EndGlobalSection
EndGlobal
